
Microsoft Visual Studio Solution File, Format Version 11.00
# Visual Studio 2010
Project("{FAE04EC0-301F-11D3-BF4B-00C04F79EFBC}") = "Repository", "Repository\Repository.csproj", "{09D3CD46-98EF-44E4-8871-86D1A43C7F0F}"
EndProject
Project("{FAE04EC0-301F-11D3-BF4B-00C04F79EFBC}") = "Metier", "Metier\Metier.csproj", "{7F28FB43-E468-4C91-910D-14FDB6FB2462}"
EndProject
Project("{FAE04EC0-301F-11D3-BF4B-00C04F79EFBC}") = "WebApp", "WebApp\WebApp.csproj", "{C97D703B-525C-4E7B-9814-0C8D972C6B2A}"
EndProject
Project("{2150E333-8FDC-42A3-9474-1A3956D46DE8}") = "DAO", "DAO", "{42A01CE3-26E4-4666-B693-032BADC64B00}"
EndProject
Project("{FAE04EC0-301F-11D3-BF4B-00C04F79EFBC}") = "Models", "Models\Models.csproj", "{0E2A6933-6738-442D-AA16-2AFF3002318A}"
EndProject
Global
	GlobalSection(SubversionScc) = preSolution
		Svn-Managed = True
		Manager = AnkhSVN - Subversion Support for Visual Studio
	EndGlobalSection
	GlobalSection(SolutionConfigurationPlatforms) = preSolution
		Debug|Any CPU = Debug|Any CPU
		Release|Any CPU = Release|Any CPU
	EndGlobalSection
	GlobalSection(ProjectConfigurationPlatforms) = postSolution
		{09D3CD46-98EF-44E4-8871-86D1A43C7F0F}.Debug|Any CPU.ActiveCfg = Debug|Any CPU
		{09D3CD46-98EF-44E4-8871-86D1A43C7F0F}.Debug|Any CPU.Build.0 = Debug|Any CPU
		{09D3CD46-98EF-44E4-8871-86D1A43C7F0F}.Release|Any CPU.ActiveCfg = Release|Any CPU
		{09D3CD46-98EF-44E4-8871-86D1A43C7F0F}.Release|Any CPU.Build.0 = Release|Any CPU
		{7F28FB43-E468-4C91-910D-14FDB6FB2462}.Debug|Any CPU.ActiveCfg = Debug|Any CPU
		{7F28FB43-E468-4C91-910D-14FDB6FB2462}.Debug|Any CPU.Build.0 = Debug|Any CPU
		{7F28FB43-E468-4C91-910D-14FDB6FB2462}.Release|Any CPU.ActiveCfg = Release|Any CPU
		{7F28FB43-E468-4C91-910D-14FDB6FB2462}.Release|Any CPU.Build.0 = Release|Any CPU
		{C97D703B-525C-4E7B-9814-0C8D972C6B2A}.Debug|Any CPU.ActiveCfg = Debug|Any CPU
		{C97D703B-525C-4E7B-9814-0C8D972C6B2A}.Debug|Any CPU.Build.0 = Debug|Any CPU
		{C97D703B-525C-4E7B-9814-0C8D972C6B2A}.Release|Any CPU.ActiveCfg = Release|Any CPU
		{C97D703B-525C-4E7B-9814-0C8D972C6B2A}.Release|Any CPU.Build.0 = Release|Any CPU
		{0E2A6933-6738-442D-AA16-2AFF3002318A}.Debug|Any CPU.ActiveCfg = Debug|Any CPU
		{0E2A6933-6738-442D-AA16-2AFF3002318A}.Debug|Any CPU.Build.0 = Debug|Any CPU
		{0E2A6933-6738-442D-AA16-2AFF3002318A}.Release|Any CPU.ActiveCfg = Release|Any CPU
		{0E2A6933-6738-442D-AA16-2AFF3002318A}.Release|Any CPU.Build.0 = Release|Any CPU
	EndGlobalSection
	GlobalSection(SolutionProperties) = preSolution
		HideSolutionNode = FALSE
	EndGlobalSection
	GlobalSection(NestedProjects) = preSolution
		{09D3CD46-98EF-44E4-8871-86D1A43C7F0F} = {42A01CE3-26E4-4666-B693-032BADC64B00}
		{0E2A6933-6738-442D-AA16-2AFF3002318A} = {42A01CE3-26E4-4666-B693-032BADC64B00}
	EndGlobalSection
EndGlobal
